
Microsoft Visual Studio Solution File, Format Version 12.00
# Visual Studio Version 16
VisualStudioVersion = 16.0.31112.23
MinimumVisualStudioVersion = 10.0.40219.1
Project("{FAE04EC0-301F-11D3-BF4B-00C04F79EFBC}") = "Meeting_09_04", "Meeting_09_04\Meeting_09_04.csproj", "{C747DCD0-10A0-4313-9571-FB78F0243A1D}"
EndProject
Global
	GlobalSection(SolutionConfigurationPlatforms) = preSolution
		Debug|Any CPU = Debug|Any CPU
		Release|Any CPU = Release|Any CPU
	EndGlobalSection
	GlobalSection(ProjectConfigurationPlatforms) = postSolution
		{C747DCD0-10A0-4313-9571-FB78F0243A1D}.Debug|Any CPU.ActiveCfg = Debug|Any CPU
		{C747DCD0-10A0-4313-9571-FB78F0243A1D}.Debug|Any CPU.Build.0 = Debug|Any CPU
		{C747DCD0-10A0-4313-9571-FB78F0243A1D}.Release|Any CPU.ActiveCfg = Release|Any CPU
		{C747DCD0-10A0-4313-9571-FB78F0243A1D}.Release|Any CPU.Build.0 = Release|Any CPU
	EndGlobalSection
	GlobalSection(SolutionProperties) = preSolution
		HideSolutionNode = FALSE
	EndGlobalSection
	GlobalSection(ExtensibilityGlobals) = postSolution
		SolutionGuid = {947C52DC-DA7B-4EFF-ACD1-72AB489B56AB}
	EndGlobalSection
EndGlobal
