
Microsoft Visual Studio Solution File, Format Version 12.00
# Visual Studio Version 16
VisualStudioVersion = 16.0.31112.23
MinimumVisualStudioVersion = 10.0.40219.1
Project("{9A19103F-16F7-4668-BE54-9A1E7A4F7556}") = "Meeting_02_04", "Meeting_02_04\Meeting_02_04.csproj", "{6DC93703-1048-4D0F-9B5B-9905EF70CAB6}"
EndProject
Project("{FAE04EC0-301F-11D3-BF4B-00C04F79EFBC}") = "Find_vs_FirstOrDefault_perfomance", "Find_vs_FirstOrDefault_perfomance\Find_vs_FirstOrDefault_perfomance.csproj", "{D9B50CE1-E1FD-430F-A3A3-FB707A772E19}"
EndProject
Global
	GlobalSection(SolutionConfigurationPlatforms) = preSolution
		Debug|Any CPU = Debug|Any CPU
		Release|Any CPU = Release|Any CPU
	EndGlobalSection
	GlobalSection(ProjectConfigurationPlatforms) = postSolution
		{6DC93703-1048-4D0F-9B5B-9905EF70CAB6}.Debug|Any CPU.ActiveCfg = Debug|Any CPU
		{6DC93703-1048-4D0F-9B5B-9905EF70CAB6}.Debug|Any CPU.Build.0 = Debug|Any CPU
		{6DC93703-1048-4D0F-9B5B-9905EF70CAB6}.Release|Any CPU.ActiveCfg = Release|Any CPU
		{6DC93703-1048-4D0F-9B5B-9905EF70CAB6}.Release|Any CPU.Build.0 = Release|Any CPU
		{D9B50CE1-E1FD-430F-A3A3-FB707A772E19}.Debug|Any CPU.ActiveCfg = Debug|Any CPU
		{D9B50CE1-E1FD-430F-A3A3-FB707A772E19}.Debug|Any CPU.Build.0 = Debug|Any CPU
		{D9B50CE1-E1FD-430F-A3A3-FB707A772E19}.Release|Any CPU.ActiveCfg = Release|Any CPU
		{D9B50CE1-E1FD-430F-A3A3-FB707A772E19}.Release|Any CPU.Build.0 = Release|Any CPU
	EndGlobalSection
	GlobalSection(SolutionProperties) = preSolution
		HideSolutionNode = FALSE
	EndGlobalSection
	GlobalSection(ExtensibilityGlobals) = postSolution
		SolutionGuid = {A410CDBF-012E-4442-8023-B6EA5614E065}
	EndGlobalSection
EndGlobal
