
Microsoft Visual Studio Solution File, Format Version 12.00
# Visual Studio Version 16
VisualStudioVersion = 16.0.31112.23
MinimumVisualStudioVersion = 10.0.40219.1
Project("{FAE04EC0-301F-11D3-BF4B-00C04F79EFBC}") = "Meeting_26_03", "Meeting_26_03\Meeting_26_03.csproj", "{CAEC8079-F35B-4D95-B9C1-F383F2A16CC8}"
EndProject
Global
	GlobalSection(SolutionConfigurationPlatforms) = preSolution
		Debug|Any CPU = Debug|Any CPU
		Release|Any CPU = Release|Any CPU
	EndGlobalSection
	GlobalSection(ProjectConfigurationPlatforms) = postSolution
		{CAEC8079-F35B-4D95-B9C1-F383F2A16CC8}.Debug|Any CPU.ActiveCfg = Debug|Any CPU
		{CAEC8079-F35B-4D95-B9C1-F383F2A16CC8}.Debug|Any CPU.Build.0 = Debug|Any CPU
		{CAEC8079-F35B-4D95-B9C1-F383F2A16CC8}.Release|Any CPU.ActiveCfg = Release|Any CPU
		{CAEC8079-F35B-4D95-B9C1-F383F2A16CC8}.Release|Any CPU.Build.0 = Release|Any CPU
	EndGlobalSection
	GlobalSection(SolutionProperties) = preSolution
		HideSolutionNode = FALSE
	EndGlobalSection
	GlobalSection(ExtensibilityGlobals) = postSolution
		SolutionGuid = {8375F520-AEBC-432F-9E6C-5EC98C28F0CB}
	EndGlobalSection
EndGlobal
