
Microsoft Visual Studio Solution File, Format Version 12.00
# Visual Studio Version 16
VisualStudioVersion = 16.0.31624.102
MinimumVisualStudioVersion = 10.0.40219.1
Project("{FAE04EC0-301F-11D3-BF4B-00C04F79EFBC}") = "Linq", "Linq\Linq.csproj", "{EFCFA0FF-430E-43A7-95D1-B8657B68F1FE}"
EndProject
Global
	GlobalSection(SolutionConfigurationPlatforms) = preSolution
		Debug|Any CPU = Debug|Any CPU
		Release|Any CPU = Release|Any CPU
	EndGlobalSection
	GlobalSection(ProjectConfigurationPlatforms) = postSolution
		{EFCFA0FF-430E-43A7-95D1-B8657B68F1FE}.Debug|Any CPU.ActiveCfg = Debug|Any CPU
		{EFCFA0FF-430E-43A7-95D1-B8657B68F1FE}.Debug|Any CPU.Build.0 = Debug|Any CPU
		{EFCFA0FF-430E-43A7-95D1-B8657B68F1FE}.Release|Any CPU.ActiveCfg = Release|Any CPU
		{EFCFA0FF-430E-43A7-95D1-B8657B68F1FE}.Release|Any CPU.Build.0 = Release|Any CPU
	EndGlobalSection
	GlobalSection(SolutionProperties) = preSolution
		HideSolutionNode = FALSE
	EndGlobalSection
	GlobalSection(ExtensibilityGlobals) = postSolution
		SolutionGuid = {F9A167D2-7ED6-4AB4-A57E-2F6567B12FF6}
	EndGlobalSection
EndGlobal
